github.com/Scorpio69t/goi18n v0.0.5 h1:GQVilk/L0onZGOPJSHvG6JQvqXxSeQ1R0waL3tyFEFg=
github.com/Scorpio69t/goi18n v0.0.5/go.mod h1:qW94sC8uhtmdkjiHugKL4kfSE+NB5vRSCL8COxkyEkY=
github.com/pelletier/go-toml v1.9.4 h1:tjENF6MfZAg8e4ZmZTeWaWiT2vXtsoO6+iuOjFhECwM=
github.com/pelletier/go-toml v1.9.4/go.mod h1:u1nR/EPcESfeI/szUZKdtJ0xRNbUoANCkoOuaOx1Y+c=
